
Microsoft Visual Studio Solution File, Format Version 12.00
# Visual Studio Version 17
VisualStudioVersion = 17.8.34330.188
MinimumVisualStudioVersion = 10.0.40219.1
Project("{9A19103F-16F7-4668-BE54-9A1E7A4F7556}") = "JWTApp.Service", "JWTApp.Service\JWTApp.Service.csproj", "{211AAA82-C38C-4813-9B18-3916ABC5502B}"
EndProject
Project("{9A19103F-16F7-4668-BE54-9A1E7A4F7556}") = "JWTApp", "JWTApp\JWTApp.csproj", "{7D82980D-12BD-47C2-A897-63EFC7C538DA}"
EndProject
Global
	GlobalSection(SolutionConfigurationPlatforms) = preSolution
		Debug|Any CPU = Debug|Any CPU
		Release|Any CPU = Release|Any CPU
	EndGlobalSection
	GlobalSection(ProjectConfigurationPlatforms) = postSolution
		{211AAA82-C38C-4813-9B18-3916ABC5502B}.Debug|Any CPU.ActiveCfg = Debug|Any CPU
		{211AAA82-C38C-4813-9B18-3916ABC5502B}.Debug|Any CPU.Build.0 = Debug|Any CPU
		{211AAA82-C38C-4813-9B18-3916ABC5502B}.Release|Any CPU.ActiveCfg = Release|Any CPU
		{211AAA82-C38C-4813-9B18-3916ABC5502B}.Release|Any CPU.Build.0 = Release|Any CPU
		{7D82980D-12BD-47C2-A897-63EFC7C538DA}.Debug|Any CPU.ActiveCfg = Debug|Any CPU
		{7D82980D-12BD-47C2-A897-63EFC7C538DA}.Debug|Any CPU.Build.0 = Debug|Any CPU
		{7D82980D-12BD-47C2-A897-63EFC7C538DA}.Release|Any CPU.ActiveCfg = Release|Any CPU
		{7D82980D-12BD-47C2-A897-63EFC7C538DA}.Release|Any CPU.Build.0 = Release|Any CPU
	EndGlobalSection
	GlobalSection(SolutionProperties) = preSolution
		HideSolutionNode = FALSE
	EndGlobalSection
	GlobalSection(ExtensibilityGlobals) = postSolution
		SolutionGuid = {895A9BD9-2419-4334-B725-9F2EAB0FA39D}
	EndGlobalSection
EndGlobal
